
Microsoft Visual Studio Solution File, Format Version 12.00
# Visual Studio 2013
VisualStudioVersion = 12.0.30324.0
MinimumVisualStudioVersion = 10.0.40219.1
Project("{FAE04EC0-301F-11D3-BF4B-00C04F79EFBC}") = "CommandLib", "CommandLib\CommandLib.csproj", "{5CB882C2-3C24-449A-BED5-376C3FE1034F}"
EndProject
Project("{FAE04EC0-301F-11D3-BF4B-00C04F79EFBC}") = "CommandLibTests", "CommandLibTests\CommandLibTests.csproj", "{D73BB02B-C6D0-446A-8D8A-68C2BFFE680A}"
EndProject
Project("{FAE04EC0-301F-11D3-BF4B-00C04F79EFBC}") = "CommandLibSample", "CommandLibSample\CommandLibSample.csproj", "{07FE5F78-DD72-4610-8B98-E1269E3689B9}"
EndProject
Project("{FAE04EC0-301F-11D3-BF4B-00C04F79EFBC}") = "CommandLogViewer", "CommandLogViewer\CommandLogViewer.csproj", "{58CAA5A6-12B6-4B08-9414-A340C2C2509D}"
EndProject
Global
	GlobalSection(SolutionConfigurationPlatforms) = preSolution
		Debug|Any CPU = Debug|Any CPU
		Debug|Mixed Platforms = Debug|Mixed Platforms
		Debug|x86 = Debug|x86
		Release|Any CPU = Release|Any CPU
		Release|Mixed Platforms = Release|Mixed Platforms
		Release|x86 = Release|x86
	EndGlobalSection
	GlobalSection(ProjectConfigurationPlatforms) = postSolution
		{5CB882C2-3C24-449A-BED5-376C3FE1034F}.Debug|Any CPU.ActiveCfg = Debug|Any CPU
		{5CB882C2-3C24-449A-BED5-376C3FE1034F}.Debug|Any CPU.Build.0 = Debug|Any CPU
		{5CB882C2-3C24-449A-BED5-376C3FE1034F}.Debug|Mixed Platforms.ActiveCfg = Debug|Any CPU
		{5CB882C2-3C24-449A-BED5-376C3FE1034F}.Debug|Mixed Platforms.Build.0 = Debug|Any CPU
		{5CB882C2-3C24-449A-BED5-376C3FE1034F}.Debug|x86.ActiveCfg = Debug|Any CPU
		{5CB882C2-3C24-449A-BED5-376C3FE1034F}.Release|Any CPU.ActiveCfg = Release|Any CPU
		{5CB882C2-3C24-449A-BED5-376C3FE1034F}.Release|Any CPU.Build.0 = Release|Any CPU
		{5CB882C2-3C24-449A-BED5-376C3FE1034F}.Release|Mixed Platforms.ActiveCfg = Release|Any CPU
		{5CB882C2-3C24-449A-BED5-376C3FE1034F}.Release|Mixed Platforms.Build.0 = Release|Any CPU
		{5CB882C2-3C24-449A-BED5-376C3FE1034F}.Release|x86.ActiveCfg = Release|Any CPU
		{D73BB02B-C6D0-446A-8D8A-68C2BFFE680A}.Debug|Any CPU.ActiveCfg = Debug|Any CPU
		{D73BB02B-C6D0-446A-8D8A-68C2BFFE680A}.Debug|Any CPU.Build.0 = Debug|Any CPU
		{D73BB02B-C6D0-446A-8D8A-68C2BFFE680A}.Debug|Mixed Platforms.ActiveCfg = Debug|Any CPU
		{D73BB02B-C6D0-446A-8D8A-68C2BFFE680A}.Debug|Mixed Platforms.Build.0 = Debug|Any CPU
		{D73BB02B-C6D0-446A-8D8A-68C2BFFE680A}.Debug|x86.ActiveCfg = Debug|Any CPU
		{D73BB02B-C6D0-446A-8D8A-68C2BFFE680A}.Release|Any CPU.ActiveCfg = Release|Any CPU
		{D73BB02B-C6D0-446A-8D8A-68C2BFFE680A}.Release|Any CPU.Build.0 = Release|Any CPU
		{D73BB02B-C6D0-446A-8D8A-68C2BFFE680A}.Release|Mixed Platforms.ActiveCfg = Release|Any CPU
		{D73BB02B-C6D0-446A-8D8A-68C2BFFE680A}.Release|Mixed Platforms.Build.0 = Release|Any CPU
		{D73BB02B-C6D0-446A-8D8A-68C2BFFE680A}.Release|x86.ActiveCfg = Release|Any CPU
		{07FE5F78-DD72-4610-8B98-E1269E3689B9}.Debug|Any CPU.ActiveCfg = Debug|Any CPU
		{07FE5F78-DD72-4610-8B98-E1269E3689B9}.Debug|Any CPU.Build.0 = Debug|Any CPU
		{07FE5F78-DD72-4610-8B98-E1269E3689B9}.Debug|Mixed Platforms.ActiveCfg = Debug|Any CPU
		{07FE5F78-DD72-4610-8B98-E1269E3689B9}.Debug|Mixed Platforms.Build.0 = Debug|Any CPU
		{07FE5F78-DD72-4610-8B98-E1269E3689B9}.Debug|x86.ActiveCfg = Debug|Any CPU
		{07FE5F78-DD72-4610-8B98-E1269E3689B9}.Release|Any CPU.ActiveCfg = Release|Any CPU
		{07FE5F78-DD72-4610-8B98-E1269E3689B9}.Release|Any CPU.Build.0 = Release|Any CPU
		{07FE5F78-DD72-4610-8B98-E1269E3689B9}.Release|Mixed Platforms.ActiveCfg = Release|Any CPU
		{07FE5F78-DD72-4610-8B98-E1269E3689B9}.Release|Mixed Platforms.Build.0 = Release|Any CPU
		{07FE5F78-DD72-4610-8B98-E1269E3689B9}.Release|x86.ActiveCfg = Release|Any CPU
		{58CAA5A6-12B6-4B08-9414-A340C2C2509D}.Debug|Any CPU.ActiveCfg = Debug|Any CPU
		{58CAA5A6-12B6-4B08-9414-A340C2C2509D}.Debug|Any CPU.Build.0 = Debug|Any CPU
		{58CAA5A6-12B6-4B08-9414-A340C2C2509D}.Debug|Mixed Platforms.ActiveCfg = Debug|Any CPU
		{58CAA5A6-12B6-4B08-9414-A340C2C2509D}.Debug|Mixed Platforms.Build.0 = Debug|Any CPU
		{58CAA5A6-12B6-4B08-9414-A340C2C2509D}.Debug|x86.ActiveCfg = Debug|Any CPU
		{58CAA5A6-12B6-4B08-9414-A340C2C2509D}.Release|Any CPU.ActiveCfg = Release|Any CPU
		{58CAA5A6-12B6-4B08-9414-A340C2C2509D}.Release|Any CPU.Build.0 = Release|Any CPU
		{58CAA5A6-12B6-4B08-9414-A340C2C2509D}.Release|Mixed Platforms.ActiveCfg = Release|Any CPU
		{58CAA5A6-12B6-4B08-9414-A340C2C2509D}.Release|Mixed Platforms.Build.0 = Release|Any CPU
		{58CAA5A6-12B6-4B08-9414-A340C2C2509D}.Release|x86.ActiveCfg = Release|Any CPU
	EndGlobalSection
	GlobalSection(SolutionProperties) = preSolution
		HideSolutionNode = FALSE
	EndGlobalSection
EndGlobal
